
Microsoft Visual Studio Solution File, Format Version 12.00
# Visual Studio Version 16
VisualStudioVersion = 16.0.31605.320
MinimumVisualStudioVersion = 10.0.40219.1
Project("{FAE04EC0-301F-11D3-BF4B-00C04F79EFBC}") = "SampleFixInitiator", "SampleFixInitiator.csproj", "{D957A464-3626-4F57-BAF4-8FE284859A4A}"
EndProject
Global
	GlobalSection(SolutionConfigurationPlatforms) = preSolution
		Debug|Any CPU = Debug|Any CPU
		Release|Any CPU = Release|Any CPU
	EndGlobalSection
	GlobalSection(ProjectConfigurationPlatforms) = postSolution
		{D957A464-3626-4F57-BAF4-8FE284859A4A}.Debug|Any CPU.ActiveCfg = Debug|Any CPU
		{D957A464-3626-4F57-BAF4-8FE284859A4A}.Debug|Any CPU.Build.0 = Debug|Any CPU
		{D957A464-3626-4F57-BAF4-8FE284859A4A}.Release|Any CPU.ActiveCfg = Release|Any CPU
		{D957A464-3626-4F57-BAF4-8FE284859A4A}.Release|Any CPU.Build.0 = Release|Any CPU
	EndGlobalSection
	GlobalSection(SolutionProperties) = preSolution
		HideSolutionNode = FALSE
	EndGlobalSection
	GlobalSection(ExtensibilityGlobals) = postSolution
		SolutionGuid = {9EBC4E60-A38D-4F6E-8CC1-BF3317C6603C}
	EndGlobalSection
EndGlobal
